// !$*UTF8*$!
{
	archiveVersion = 1;
	classes = {
	};
	objectVersion = 77;
	objects = {

/* Begin PBXBuildFile section */
		024680B427054C7F91BC8D64 /* WorkoutView.swift in Sources */ = {isa = PBXBuildFile; fileRef = 6E16F9DFD699D6D4CFF43BEA /* WorkoutView.swift */; };
		16F55FA8C11D93388DCB56B9 /* ImportWorkoutView.swift in Sources */ = {isa = PBXBuildFile; fileRef = FFEABEA3A2F93012902824CB /* ImportWorkoutView.swift */; };
		2588DC59E0E69BCD07047FFE /* HistoryView.swift in Sources */ = {isa = PBXBuildFile; fileRef = 3F4B3E37F1CE18C7587C6470 /* HistoryView.swift */; };
		35063E00598DC450CC401DFD /* PlateCalculatorView.swift in Sources */ = {isa = PBXBuildFile; fileRef = F977217BF4627E24AF105708 /* PlateCalculatorView.swift */; };
		46A6A5608A3AC1B4A8E05408 /* ThicccUITestsLaunchTests.swift in Sources */ = {isa = PBXBuildFile; fileRef = B5727A427FCF554BE1FD71B1 /* ThicccUITestsLaunchTests.swift */; };
		485A9A483A101DEB09CD8630 /* SharedTypes in Frameworks */ = {isa = PBXBuildFile; productRef = 00D8AC0EBAB047A3C0267091 /* SharedTypes */; };
		5B668D20D2C4FC90702027A8 /* libshared_static.a.a in Frameworks */ = {isa = PBXBuildFile; fileRef = 7F4FB8D8B2304AF3B5B09258 /* libshared_static.a.a */; };
		634A9B61DD5A0CFD614E2FC7 /* SetRow.swift in Sources */ = {isa = PBXBuildFile; fileRef = CBB27C45852C640094B5965C /* SetRow.swift */; };
		65A89BD630875BBEAD533BB8 /* ThicccUITests.swift in Sources */ = {isa = PBXBuildFile; fileRef = B17BA2776318B282FAFF37D1 /* ThicccUITests.swift */; };
		661052EDE93C85EF6A008427 /* CoreUniffi.swift in Sources */ = {isa = PBXBuildFile; fileRef = 7277243F28C523FB6702CC22 /* CoreUniffi.swift */; };
		6A3D2B9676B19E411CBF319A /* (null) in Resources */ = {isa = PBXBuildFile; fileRef = 36719DCE033720CD1813C1B4; settings = {ATTRIBUTES = (RemoveHeadersOnCopy, ); }; };
		732C64551C22DEF822266EA7 /* PlateCalculator.swift in Sources */ = {isa = PBXBuildFile; fileRef = D53FF999C8982A9DDEACFC4D /* PlateCalculator.swift */; };
		8213BFE87679EFB0AB3D8354 /* SharedCore.swift in Sources */ = {isa = PBXBuildFile; fileRef = 262799EDAA6DB3C5231CBFAC /* SharedCore.swift */; };
		873388B4D7FC0B39085873B4 /* Plate.swift in Sources */ = {isa = PBXBuildFile; fileRef = 3F6E7CED3C5ACA91EEFD46CF /* Plate.swift */; };
		87DD277431215CA5EB124583 /* ThicccApp.swift in Sources */ = {isa = PBXBuildFile; fileRef = 6112DF7227A2365D705E7181 /* ThicccApp.swift */; };
		89C9C3D02D4941196DF58C21 /* PlateCalculation.swift in Sources */ = {isa = PBXBuildFile; fileRef = 55192EA6FC901DF578F51CA3 /* PlateCalculation.swift */; };
		8EFF44A9AB4C8697C5A2DC11 /* Workout.swift in Sources */ = {isa = PBXBuildFile; fileRef = 86B8547A775557BE31C3FB1B /* Workout.swift */; };
		9499EEBA48173A71EA9D2AE9 /* Event.swift in Sources */ = {isa = PBXBuildFile; fileRef = 2A4AACC21E87BCCD2D145043 /* Event.swift */; };
		968E0E0EA71D354FA57DC288 /* StrongWorkoutRequest.swift in Sources */ = {isa = PBXBuildFile; fileRef = 9CF4B9C66AD28DCA9420E128 /* StrongWorkoutRequest.swift */; };
		9D36BB07C80402D302AF91E9 /* Assets.xcassets in Resources */ = {isa = PBXBuildFile; fileRef = CC7ABDBE1847BC88616EC48F /* Assets.xcassets */; };
		9F0E52131C506B66E73ACE68 /* StopwatchModal.swift in Sources */ = {isa = PBXBuildFile; fileRef = CC6A18817795404492056EF3 /* StopwatchModal.swift */; };
		B2F15029D65792CA9DC03E5E /* AddExerciseView.swift in Sources */ = {isa = PBXBuildFile; fileRef = F31F8C37DCD00B699A7DCA83 /* AddExerciseView.swift */; };
		C7C6188CE5BB967CBEA38264 /* SharedCore.swift in Sources */ = {isa = PBXBuildFile; fileRef = E6ABC9EB525947BCF1E92525 /* SharedCore.swift */; };
		D2E44D7985B90F766693F23A /* HistoryDetailView.swift in Sources */ = {isa = PBXBuildFile; fileRef = 0CDB457DF191D3DC6E6C5357 /* HistoryDetailView.swift */; };
		D455E280270B3E7DD518FED7 /* RestTimerModal.swift in Sources */ = {isa = PBXBuildFile; fileRef = 0084FC7E1F1FA1620F4B7672 /* RestTimerModal.swift */; };
		D4737D0CC480D9597765822B /* ThicccTests.swift in Sources */ = {isa = PBXBuildFile; fileRef = 070F343CD887BBC15265987A /* ThicccTests.swift */; };
		E8FE97E365CFADC22590B991 /* BarType.swift in Sources */ = {isa = PBXBuildFile; fileRef = 6C673BB4A2AAD010CC37F00A /* BarType.swift */; };
		EFCD430C14EC9FCB177FC4AC /* WorkoutDetailView.swift in Sources */ = {isa = PBXBuildFile; fileRef = B93FD7375CDABCAABE0E2878 /* WorkoutDetailView.swift */; };
		F1F36C507E0977FF5BD85432 /* shared.udl in Sources */ = {isa = PBXBuildFile; fileRef = 87AF1C1465A7D07538014067 /* shared.udl */; };
		F8AC9D5F25DDACC8EEADF15D /* workout_template.json in Resources */ = {isa = PBXBuildFile; fileRef = CEAE0DA5FA456B22260A464C /* workout_template.json */; };
		F99F7AAB2DDC4D13D9120AFB /* Preview Assets.xcassets in Resources */ = {isa = PBXBuildFile; fileRef = 477D134D2315F2233233A1FF /* Preview Assets.xcassets */; };
		FA6295069DB399A6A0183E5F /* DatabaseManager.swift in Sources */ = {isa = PBXBuildFile; fileRef = 10DFF586611B3C0522F258FE /* DatabaseManager.swift */; };
/* End PBXBuildFile section */

/* Begin PBXBuildRule section */
		ABAEC74AEEB521B111350887 /* PBXBuildRule */ = {
			isa = PBXBuildRule;
			compilerSpec = com.apple.compilers.proxy.script;
			filePatterns = "*.udl";
			fileType = pattern.proxy;
			isEditable = 1;
			name = "Generate FFI";
			outputFiles = (
				"$(PROJECT_DIR)/generated/$(INPUT_FILE_BASE).swift",
				"$(PROJECT_DIR)/generated/$(INPUT_FILE_BASE)FFI.h",
			);
			outputFilesCompilerFlags = (
			);
			runOncePerArchitecture = 0;
			script = "#!/bin/bash\nset -e\n\n# Skip during indexing phase in XCode 13+\nif [ \"$ACTION\" == \"indexbuild\" ]; then\n  echo \"Not building *.udl files during indexing.\"\n  exit 0\nfi\n\n# Skip for preview builds\nif [ \"$ENABLE_PREVIEWS\" = \"YES\" ]; then\n  echo \"Not building *.udl files during preview builds.\"\n  exit 0\nfi\n\ncd \"${INPUT_FILE_DIR}/..\"\n\"${BUILD_DIR}/${CONFIGURATION}/uniffi-bindgen\" generate \"src/${INPUT_FILE_NAME}\" --language swift --out-dir \"${PROJECT_DIR}/generated\"\n";
		};
/* End PBXBuildRule section */

/* Begin PBXContainerItemProxy section */
		9289C5B368A8C3B30C415792 /* PBXContainerItemProxy */ = {
			isa = PBXContainerItemProxy;
			containerPortal = 5368BB02CF8DFE211F0B385F /* Shared */;
			proxyType = 1;
			remoteGlobalIDString = CA02FA85CE9E4296ADE0F606;
			remoteInfo = "uniffi-bindgen-bin";
		};
		A4B94D45F9270E7F15F3DD4A /* PBXContainerItemProxy */ = {
			isa = PBXContainerItemProxy;
			containerPortal = 5368BB02CF8DFE211F0B385F /* Shared */;
			proxyType = 1;
			remoteGlobalIDString = CA0049BF7D4FD346A0A05154;
			remoteInfo = "shared-staticlib";
		};
		CEAF254205981FE9EEA9599C /* PBXContainerItemProxy */ = {
			isa = PBXContainerItemProxy;
			containerPortal = 5368BB02CF8DFE211F0B385F /* Shared */;
			proxyType = 2;
			remoteGlobalIDString = CA0049BF7D4FFB09138082B7;
			remoteInfo = "shared-staticlib";
		};
		F149737B88B7A34099B6D57E /* PBXContainerItemProxy */ = {
			isa = PBXContainerItemProxy;
			containerPortal = 5368BB02CF8DFE211F0B385F /* Shared */;
			proxyType = 2;
			remoteGlobalIDString = CA02FA85CE9E8109328FB0D5;
			remoteInfo = "uniffi-bindgen-bin";
		};
/* End PBXContainerItemProxy section */

/* Begin PBXFileReference section */
		0084FC7E1F1FA1620F4B7672 /* RestTimerModal.swift */ = {isa = PBXFileReference; lastKnownFileType = sourcecode.swift; path = RestTimerModal.swift; sourceTree = "<group>"; };
		06F03F79ADB5F75373E80434 /* Info.plist */ = {isa = PBXFileReference; lastKnownFileType = text.plist; path = Info.plist; sourceTree = "<group>"; };
		070F343CD887BBC15265987A /* ThicccTests.swift */ = {isa = PBXFileReference; lastKnownFileType = sourcecode.swift; path = ThicccTests.swift; sourceTree = "<group>"; };
		0CDB457DF191D3DC6E6C5357 /* HistoryDetailView.swift */ = {isa = PBXFileReference; lastKnownFileType = sourcecode.swift; path = HistoryDetailView.swift; sourceTree = "<group>"; };
		10DFF586611B3C0522F258FE /* DatabaseManager.swift */ = {isa = PBXFileReference; lastKnownFileType = sourcecode.swift; path = DatabaseManager.swift; sourceTree = "<group>"; };
		262799EDAA6DB3C5231CBFAC /* SharedCore.swift */ = {isa = PBXFileReference; lastKnownFileType = sourcecode.swift; path = SharedCore.swift; sourceTree = "<group>"; };
		2A4AACC21E87BCCD2D145043 /* Event.swift */ = {isa = PBXFileReference; lastKnownFileType = sourcecode.swift; path = Event.swift; sourceTree = "<group>"; };
		2FA55BB80FAFD9A8E7BDE747 /* SharedCoreFFI.modulemap */ = {isa = PBXFileReference; lastKnownFileType = "sourcecode.module-map"; path = SharedCoreFFI.modulemap; sourceTree = "<group>"; };
		32EC6679CDA35CB17C8176C1 /* SharedTypes */ = {isa = PBXFileReference; lastKnownFileType = folder; name = SharedTypes; path = ../shared_types/generated/swift/SharedTypes; sourceTree = SOURCE_ROOT; };
		3F4B3E37F1CE18C7587C6470 /* HistoryView.swift */ = {isa = PBXFileReference; lastKnownFileType = sourcecode.swift; path = HistoryView.swift; sourceTree = "<group>"; };
		3F6E7CED3C5ACA91EEFD46CF /* Plate.swift */ = {isa = PBXFileReference; lastKnownFileType = sourcecode.swift; path = Plate.swift; sourceTree = "<group>"; };
		477D134D2315F2233233A1FF /* Preview Assets.xcassets */ = {isa = PBXFileReference; lastKnownFileType = folder.assetcatalog; path = "Preview Assets.xcassets"; sourceTree = "<group>"; };
		5368BB02CF8DFE211F0B385F /* Shared */ = {isa = PBXFileReference; lastKnownFileType = "wrapper.pb-project"; name = Shared; path = ../shared/shared.xcodeproj; sourceTree = "<group>"; };
		55192EA6FC901DF578F51CA3 /* PlateCalculation.swift */ = {isa = PBXFileReference; lastKnownFileType = sourcecode.swift; path = PlateCalculation.swift; sourceTree = "<group>"; };
		5AB7AB26E93B32B19C148164 /* SharedCoreFFI.h */ = {isa = PBXFileReference; lastKnownFileType = sourcecode.c.h; path = SharedCoreFFI.h; sourceTree = "<group>"; };
		6112DF7227A2365D705E7181 /* ThicccApp.swift */ = {isa = PBXFileReference; lastKnownFileType = sourcecode.swift; path = ThicccApp.swift; sourceTree = "<group>"; };
		6C673BB4A2AAD010CC37F00A /* BarType.swift */ = {isa = PBXFileReference; lastKnownFileType = sourcecode.swift; path = BarType.swift; sourceTree = "<group>"; };
		6CF6721868506B4EEBD88864 /* SharedCoreFFI.modulemap */ = {isa = PBXFileReference; lastKnownFileType = "sourcecode.module-map"; path = SharedCoreFFI.modulemap; sourceTree = "<group>"; };
		6D78C6C26D93B44BB3A6842D /* Thiccc.entitlements */ = {isa = PBXFileReference; lastKnownFileType = text.plist.entitlements; path = Thiccc.entitlements; sourceTree = "<group>"; };
		6E16F9DFD699D6D4CFF43BEA /* WorkoutView.swift */ = {isa = PBXFileReference; lastKnownFileType = sourcecode.swift; path = WorkoutView.swift; sourceTree = "<group>"; };
		7117CEABA81B56DD5907FD6F /* SharedCoreFFI.h */ = {isa = PBXFileReference; lastKnownFileType = sourcecode.c.h; path = SharedCoreFFI.h; sourceTree = "<group>"; };
		7277243F28C523FB6702CC22 /* CoreUniffi.swift */ = {isa = PBXFileReference; lastKnownFileType = sourcecode.swift; path = CoreUniffi.swift; sourceTree = "<group>"; };
		86B8547A775557BE31C3FB1B /* Workout.swift */ = {isa = PBXFileReference; lastKnownFileType = sourcecode.swift; path = Workout.swift; sourceTree = "<group>"; };
		87AF1C1465A7D07538014067 /* shared.udl */ = {isa = PBXFileReference; path = shared.udl; sourceTree = "<group>"; };
		9CF4B9C66AD28DCA9420E128 /* StrongWorkoutRequest.swift */ = {isa = PBXFileReference; lastKnownFileType = sourcecode.swift; path = StrongWorkoutRequest.swift; sourceTree = "<group>"; };
		B17BA2776318B282FAFF37D1 /* ThicccUITests.swift */ = {isa = PBXFileReference; lastKnownFileType = sourcecode.swift; path = ThicccUITests.swift; sourceTree = "<group>"; };
		B5727A427FCF554BE1FD71B1 /* ThicccUITestsLaunchTests.swift */ = {isa = PBXFileReference; lastKnownFileType = sourcecode.swift; path = ThicccUITestsLaunchTests.swift; sourceTree = "<group>"; };
		B6265A5D3C5C51F1E73E6D2F /* Thiccc.app */ = {isa = PBXFileReference; includeInIndex = 0; lastKnownFileType = wrapper.application; path = Thiccc.app; sourceTree = BUILT_PRODUCTS_DIR; };
		B93FD7375CDABCAABE0E2878 /* WorkoutDetailView.swift */ = {isa = PBXFileReference; lastKnownFileType = sourcecode.swift; path = WorkoutDetailView.swift; sourceTree = "<group>"; };
		CBB27C45852C640094B5965C /* SetRow.swift */ = {isa = PBXFileReference; lastKnownFileType = sourcecode.swift; path = SetRow.swift; sourceTree = "<group>"; };
		CC6A18817795404492056EF3 /* StopwatchModal.swift */ = {isa = PBXFileReference; lastKnownFileType = sourcecode.swift; path = StopwatchModal.swift; sourceTree = "<group>"; };
		CC7ABDBE1847BC88616EC48F /* Assets.xcassets */ = {isa = PBXFileReference; lastKnownFileType = folder.assetcatalog; path = Assets.xcassets; sourceTree = "<group>"; };
		CEAE0DA5FA456B22260A464C /* workout_template.json */ = {isa = PBXFileReference; lastKnownFileType = text.json; path = workout_template.json; sourceTree = "<group>"; };
		D53FF999C8982A9DDEACFC4D /* PlateCalculator.swift */ = {isa = PBXFileReference; lastKnownFileType = sourcecode.swift; path = PlateCalculator.swift; sourceTree = "<group>"; };
		E6ABC9EB525947BCF1E92525 /* SharedCore.swift */ = {isa = PBXFileReference; lastKnownFileType = sourcecode.swift; path = SharedCore.swift; sourceTree = "<group>"; };
		F31F8C37DCD00B699A7DCA83 /* AddExerciseView.swift */ = {isa = PBXFileReference; lastKnownFileType = sourcecode.swift; path = AddExerciseView.swift; sourceTree = "<group>"; };
		F977217BF4627E24AF105708 /* PlateCalculatorView.swift */ = {isa = PBXFileReference; lastKnownFileType = sourcecode.swift; path = PlateCalculatorView.swift; sourceTree = "<group>"; };
		FFEABEA3A2F93012902824CB /* ImportWorkoutView.swift */ = {isa = PBXFileReference; lastKnownFileType = sourcecode.swift; path = ImportWorkoutView.swift; sourceTree = "<group>"; };
/* End PBXFileReference section */

/* Begin PBXFrameworksBuildPhase section */
		426CBB237A87D5FDDB754644 /* Frameworks */ = {
			isa = PBXFrameworksBuildPhase;
			buildActionMask = 2147483647;
			files = (
				5B668D20D2C4FC90702027A8 /* libshared_static.a.a in Frameworks */,
				485A9A483A101DEB09CD8630 /* SharedTypes in Frameworks */,
			);
			runOnlyForDeploymentPostprocessing = 0;
		};
/* End PBXFrameworksBuildPhase section */

/* Begin PBXGroup section */
		1500C0C6A448839E4EB1D68C /* Projects */ = {
			isa = PBXGroup;
			children = (
				5368BB02CF8DFE211F0B385F /* Shared */,
			);
			name = Projects;
			sourceTree = "<group>";
		};
		2124D5EB5F3D98032DBBE21E /* ThicccTests */ = {
			isa = PBXGroup;
			children = (
				070F343CD887BBC15265987A /* ThicccTests.swift */,
			);
			path = ThicccTests;
			sourceTree = "<group>";
		};
		24C8F21D750CFE7EDEF50502 = {
			isa = PBXGroup;
			children = (
				C7FB057D3E3437BCFFBBEE9E /* Packages */,
				C8F634902C8DF9AC1E14147F /* src */,
				C4A71768946B7D61A9398F22 /* Thiccc */,
				3C3025A99C0E98AD12A18924 /* Products */,
				1500C0C6A448839E4EB1D68C /* Projects */,
			);
			sourceTree = "<group>";
		};
		258DF20825F4B9C91F0B8E99 /* Generated */ = {
			isa = PBXGroup;
			children = (
				E6ABC9EB525947BCF1E92525 /* SharedCore.swift */,
				7117CEABA81B56DD5907FD6F /* SharedCoreFFI.h */,
				6CF6721868506B4EEBD88864 /* SharedCoreFFI.modulemap */,
			);
			path = Generated;
			sourceTree = "<group>";
		};
		3036BFF9B53CFFBE6AF9FFE3 /* Generated */ = {
			isa = PBXGroup;
			children = (
				262799EDAA6DB3C5231CBFAC /* SharedCore.swift */,
				5AB7AB26E93B32B19C148164 /* SharedCoreFFI.h */,
				2FA55BB80FAFD9A8E7BDE747 /* SharedCoreFFI.modulemap */,
			);
			path = Generated;
			sourceTree = "<group>";
		};
		3AE91FF3371C2D117CE93EB9 /* Thiccc */ = {
			isa = PBXGroup;
			children = (
				F31F8C37DCD00B699A7DCA83 /* AddExerciseView.swift */,
				CC7ABDBE1847BC88616EC48F /* Assets.xcassets */,
				6C673BB4A2AAD010CC37F00A /* BarType.swift */,
				7277243F28C523FB6702CC22 /* CoreUniffi.swift */,
				10DFF586611B3C0522F258FE /* DatabaseManager.swift */,
				2A4AACC21E87BCCD2D145043 /* Event.swift */,
				0CDB457DF191D3DC6E6C5357 /* HistoryDetailView.swift */,
				3F4B3E37F1CE18C7587C6470 /* HistoryView.swift */,
				FFEABEA3A2F93012902824CB /* ImportWorkoutView.swift */,
				3F6E7CED3C5ACA91EEFD46CF /* Plate.swift */,
				55192EA6FC901DF578F51CA3 /* PlateCalculation.swift */,
				D53FF999C8982A9DDEACFC4D /* PlateCalculator.swift */,
				F977217BF4627E24AF105708 /* PlateCalculatorView.swift */,
				0084FC7E1F1FA1620F4B7672 /* RestTimerModal.swift */,
				CBB27C45852C640094B5965C /* SetRow.swift */,
				CC6A18817795404492056EF3 /* StopwatchModal.swift */,
				9CF4B9C66AD28DCA9420E128 /* StrongWorkoutRequest.swift */,
				6D78C6C26D93B44BB3A6842D /* Thiccc.entitlements */,
				6112DF7227A2365D705E7181 /* ThicccApp.swift */,
				CEAE0DA5FA456B22260A464C /* workout_template.json */,
				86B8547A775557BE31C3FB1B /* Workout.swift */,
				B93FD7375CDABCAABE0E2878 /* WorkoutDetailView.swift */,
				6E16F9DFD699D6D4CFF43BEA /* WorkoutView.swift */,
				258DF20825F4B9C91F0B8E99 /* Generated */,
				62B377EA992061E985578C4A /* Preview Content */,
			);
			path = Thiccc;
			sourceTree = "<group>";
		};
		3C3025A99C0E98AD12A18924 /* Products */ = {
			isa = PBXGroup;
			children = (
				B6265A5D3C5C51F1E73E6D2F /* Thiccc.app */,
			);
			name = Products;
			sourceTree = "<group>";
		};
		62B377EA992061E985578C4A /* Preview Content */ = {
			isa = PBXGroup;
			children = (
				477D134D2315F2233233A1FF /* Preview Assets.xcassets */,
			);
			path = "Preview Content";
			sourceTree = "<group>";
		};
		68407870A3761DD92B7CBE27 /* ThicccUITests */ = {
			isa = PBXGroup;
			children = (
				B17BA2776318B282FAFF37D1 /* ThicccUITests.swift */,
				B5727A427FCF554BE1FD71B1 /* ThicccUITestsLaunchTests.swift */,
			);
			path = ThicccUITests;
			sourceTree = "<group>";
		};
		C4A71768946B7D61A9398F22 /* Thiccc */ = {
			isa = PBXGroup;
			children = (
				06F03F79ADB5F75373E80434 /* Info.plist */,
				3036BFF9B53CFFBE6AF9FFE3 /* Generated */,
				3AE91FF3371C2D117CE93EB9 /* Thiccc */,
				2124D5EB5F3D98032DBBE21E /* ThicccTests */,
				68407870A3761DD92B7CBE27 /* ThicccUITests */,
			);
			path = Thiccc;
			sourceTree = "<group>";
		};
		C7FB057D3E3437BCFFBBEE9E /* Packages */ = {
			isa = PBXGroup;
			children = (
				32EC6679CDA35CB17C8176C1 /* SharedTypes */,
			);
			name = Packages;
			sourceTree = "<group>";
		};
		C8F634902C8DF9AC1E14147F /* src */ = {
			isa = PBXGroup;
			children = (
				87AF1C1465A7D07538014067 /* shared.udl */,
			);
			name = src;
			path = ../shared/src;
			sourceTree = "<group>";
		};
		F248F5D7F86B00B3E75EFF4F /* Products */ = {
			isa = PBXGroup;
			children = (
				36719DCE033720CD1813C1B4,
				7F4FB8D8B2304AF3B5B09258 /* libshared_static.a.a */,
			);
			name = Products;
			sourceTree = "<group>";
		};
/* End PBXGroup section */

/* Begin PBXNativeTarget section */
		94E6D56D2CD64461E023F083 /* Thiccc */ = {
			isa = PBXNativeTarget;
			buildConfigurationList = 51B899A22F69DBB6CC3313B9 /* Build configuration list for PBXNativeTarget "Thiccc" */;
			buildPhases = (
				3DD14D0A3C03A52DBAA1253F /* Sources */,
				793B594317440858C1EA7C3D /* Resources */,
				426CBB237A87D5FDDB754644 /* Frameworks */,
			);
			buildRules = (
				ABAEC74AEEB521B111350887 /* PBXBuildRule */,
			);
			dependencies = (
				A842202CE00C7D33AF005CFF /* PBXTargetDependency */,
				2EE7EACB707E340937D16F96 /* PBXTargetDependency */,
			);
			name = Thiccc;
			packageProductDependencies = (
				00D8AC0EBAB047A3C0267091 /* SharedTypes */,
			);
			productName = Thiccc;
			productReference = B6265A5D3C5C51F1E73E6D2F /* Thiccc.app */;
			productType = "com.apple.product-type.application";
		};
/* End PBXNativeTarget section */

/* Begin PBXProject section */
		5C980674FFF8D4B66C3FD49B /* Project object */ = {
			isa = PBXProject;
			attributes = {
				BuildIndependentTargetsInParallel = YES;
				LastUpgradeCheck = 1430;
			};
			buildConfigurationList = 08D46A0F2592AA18DDEBF0D7 /* Build configuration list for PBXProject "Thiccc" */;
			compatibilityVersion = "Xcode 14.0";
			developmentRegion = en;
			hasScannedForEncodings = 0;
			knownRegions = (
				Base,
				en,
			);
			mainGroup = 24C8F21D750CFE7EDEF50502;
			minimizedProjectReferenceProxies = 1;
			packageReferences = (
				2ECE1ED6A5860A61C6E04FB2 /* XCLocalSwiftPackageReference "../shared_types/generated/swift/SharedTypes" */,
			);
			preferredProjectObjectVersion = 77;
			projectDirPath = "";
			projectReferences = (
				{
					ProductGroup = F248F5D7F86B00B3E75EFF4F /* Products */;
					ProjectRef = 5368BB02CF8DFE211F0B385F /* Shared */;
				},
			);
			projectRoot = "";
			targets = (
				94E6D56D2CD64461E023F083 /* Thiccc */,
			);
		};
/* End PBXProject section */

/* Begin PBXReferenceProxy section */
		36719DCE033720CD1813C1B4 = {
			isa = PBXReferenceProxy;
			remoteRef = F149737B88B7A34099B6D57E /* PBXContainerItemProxy */;
			sourceTree = BUILT_PRODUCTS_DIR;
		};
		7F4FB8D8B2304AF3B5B09258 /* libshared_static.a.a */ = {
			isa = PBXReferenceProxy;
			fileType = archive.ar;
			path = libshared_static.a.a;
			remoteRef = CEAF254205981FE9EEA9599C /* PBXContainerItemProxy */;
			sourceTree = BUILT_PRODUCTS_DIR;
		};
/* End PBXReferenceProxy section */

/* Begin PBXResourcesBuildPhase section */
		793B594317440858C1EA7C3D /* Resources */ = {
			isa = PBXResourcesBuildPhase;
			buildActionMask = 2147483647;
			files = (
				9D36BB07C80402D302AF91E9 /* Assets.xcassets in Resources */,
				F99F7AAB2DDC4D13D9120AFB /* Preview Assets.xcassets in Resources */,
				F8AC9D5F25DDACC8EEADF15D /* workout_template.json in Resources */,
				6A3D2B9676B19E411CBF319A /* (null) in Resources */,
			);
			runOnlyForDeploymentPostprocessing = 0;
		};
/* End PBXResourcesBuildPhase section */

/* Begin PBXSourcesBuildPhase section */
		3DD14D0A3C03A52DBAA1253F /* Sources */ = {
			isa = PBXSourcesBuildPhase;
			buildActionMask = 2147483647;
			files = (
				B2F15029D65792CA9DC03E5E /* AddExerciseView.swift in Sources */,
				E8FE97E365CFADC22590B991 /* BarType.swift in Sources */,
				661052EDE93C85EF6A008427 /* CoreUniffi.swift in Sources */,
				FA6295069DB399A6A0183E5F /* DatabaseManager.swift in Sources */,
				9499EEBA48173A71EA9D2AE9 /* Event.swift in Sources */,
				D2E44D7985B90F766693F23A /* HistoryDetailView.swift in Sources */,
				2588DC59E0E69BCD07047FFE /* HistoryView.swift in Sources */,
				16F55FA8C11D93388DCB56B9 /* ImportWorkoutView.swift in Sources */,
				873388B4D7FC0B39085873B4 /* Plate.swift in Sources */,
				89C9C3D02D4941196DF58C21 /* PlateCalculation.swift in Sources */,
				732C64551C22DEF822266EA7 /* PlateCalculator.swift in Sources */,
				35063E00598DC450CC401DFD /* PlateCalculatorView.swift in Sources */,
				D455E280270B3E7DD518FED7 /* RestTimerModal.swift in Sources */,
				634A9B61DD5A0CFD614E2FC7 /* SetRow.swift in Sources */,
				8213BFE87679EFB0AB3D8354 /* SharedCore.swift in Sources */,
				C7C6188CE5BB967CBEA38264 /* SharedCore.swift in Sources */,
				9F0E52131C506B66E73ACE68 /* StopwatchModal.swift in Sources */,
				968E0E0EA71D354FA57DC288 /* StrongWorkoutRequest.swift in Sources */,
				87DD277431215CA5EB124583 /* ThicccApp.swift in Sources */,
				D4737D0CC480D9597765822B /* ThicccTests.swift in Sources */,
				65A89BD630875BBEAD533BB8 /* ThicccUITests.swift in Sources */,
				46A6A5608A3AC1B4A8E05408 /* ThicccUITestsLaunchTests.swift in Sources */,
				8EFF44A9AB4C8697C5A2DC11 /* Workout.swift in Sources */,
				EFCD430C14EC9FCB177FC4AC /* WorkoutDetailView.swift in Sources */,
				024680B427054C7F91BC8D64 /* WorkoutView.swift in Sources */,
				F1F36C507E0977FF5BD85432 /* shared.udl in Sources */,
			);
			runOnlyForDeploymentPostprocessing = 0;
		};
/* End PBXSourcesBuildPhase section */

/* Begin PBXTargetDependency section */
		2EE7EACB707E340937D16F96 /* PBXTargetDependency */ = {
			isa = PBXTargetDependency;
			name = "shared-staticlib";
			targetProxy = A4B94D45F9270E7F15F3DD4A /* PBXContainerItemProxy */;
		};
		A842202CE00C7D33AF005CFF /* PBXTargetDependency */ = {
			isa = PBXTargetDependency;
			name = "uniffi-bindgen-bin";
			targetProxy = 9289C5B368A8C3B30C415792 /* PBXContainerItemProxy */;
		};
/* End PBXTargetDependency section */

/* Begin XCBuildConfiguration section */
		0E1AE21C9D32F2E9AF2B8C29 /* Debug */ = {
			isa = XCBuildConfiguration;
			buildSettings = {
				ALWAYS_SEARCH_USER_PATHS = NO;
				CLANG_ANALYZER_NONNULL = YES;
				CLANG_ANALYZER_NUMBER_OBJECT_CONVERSION = YES_AGGRESSIVE;
				CLANG_CXX_LANGUAGE_STANDARD = "gnu++14";
				CLANG_CXX_LIBRARY = "libc++";
				CLANG_ENABLE_MODULES = YES;
				CLANG_ENABLE_OBJC_ARC = YES;
				CLANG_ENABLE_OBJC_WEAK = YES;
				CLANG_WARN_BLOCK_CAPTURE_AUTORELEASING = YES;
				CLANG_WARN_BOOL_CONVERSION = YES;
				CLANG_WARN_COMMA = YES;
				CLANG_WARN_CONSTANT_CONVERSION = YES;
				CLANG_WARN_DEPRECATED_OBJC_IMPLEMENTATIONS = YES;
				CLANG_WARN_DIRECT_OBJC_ISA_USAGE = YES_ERROR;
				CLANG_WARN_DOCUMENTATION_COMMENTS = YES;
				CLANG_WARN_EMPTY_BODY = YES;
				CLANG_WARN_ENUM_CONVERSION = YES;
				CLANG_WARN_INFINITE_RECURSION = YES;
				CLANG_WARN_INT_CONVERSION = YES;
				CLANG_WARN_NON_LITERAL_NULL_CONVERSION = YES;
				CLANG_WARN_OBJC_IMPLICIT_RETAIN_SELF = YES;
				CLANG_WARN_OBJC_LITERAL_CONVERSION = YES;
				CLANG_WARN_OBJC_ROOT_CLASS = YES_ERROR;
				CLANG_WARN_QUOTED_INCLUDE_IN_FRAMEWORK_HEADER = YES;
				CLANG_WARN_RANGE_LOOP_ANALYSIS = YES;
				CLANG_WARN_STRICT_PROTOTYPES = YES;
				CLANG_WARN_SUSPICIOUS_MOVE = YES;
				CLANG_WARN_UNGUARDED_AVAILABILITY = YES_AGGRESSIVE;
				CLANG_WARN_UNREACHABLE_CODE = YES;
				CLANG_WARN__DUPLICATE_METHOD_MATCH = YES;
				COPY_PHASE_STRIP = NO;
				DEBUG_INFORMATION_FORMAT = dwarf;
				ENABLE_STRICT_OBJC_MSGSEND = YES;
				ENABLE_TESTABILITY = YES;
				GCC_C_LANGUAGE_STANDARD = gnu11;
				GCC_DYNAMIC_NO_PIC = NO;
				GCC_NO_COMMON_BLOCKS = YES;
				GCC_OPTIMIZATION_LEVEL = 0;
				GCC_PREPROCESSOR_DEFINITIONS = (
					"$(inherited)",
					"DEBUG=1",
				);
				GCC_WARN_64_TO_32_BIT_CONVERSION = YES;
				GCC_WARN_ABOUT_RETURN_TYPE = YES_ERROR;
				GCC_WARN_UNDECLARED_SELECTOR = YES;
				GCC_WARN_UNINITIALIZED_AUTOS = YES_AGGRESSIVE;
				GCC_WARN_UNUSED_FUNCTION = YES;
				GCC_WARN_UNUSED_VARIABLE = YES;
				MTL_ENABLE_DEBUG_INFO = INCLUDE_SOURCE;
				MTL_FAST_MATH = YES;
				ONLY_ACTIVE_ARCH = YES;
				PRODUCT_NAME = "$(TARGET_NAME)";
				SDKROOT = iphoneos;
				SWIFT_ACTIVE_COMPILATION_CONDITIONS = DEBUG;
				SWIFT_OPTIMIZATION_LEVEL = "-Onone";
				SWIFT_VERSION = 5.0;
			};
			name = Debug;
		};
		3CF85969AC42D00B438FB3A0 /* Debug */ = {
			isa = XCBuildConfiguration;
			buildSettings = {
				ASSETCATALOG_COMPILER_APPICON_NAME = AppIcon;
				CODE_SIGN_IDENTITY = "iPhone Developer";
				ENABLE_USER_SCRIPT_SANDBOXING = NO;
				INFOPLIST_FILE = Thiccc/Info.plist;
				IPHONEOS_DEPLOYMENT_TARGET = 15.0;
				LD_RUNPATH_SEARCH_PATHS = (
					"$(inherited)",
					"@executable_path/Frameworks",
				);
				OTHER_LDFLAGS = (
					"-w",
					"-ObjC",
				);
				PRODUCT_BUNDLE_IDENTIFIER = com.cuzzos.Thiccc.Thiccc;
				SDKROOT = iphoneos;
				SWIFT_OBJC_BRIDGING_HEADER = generated/sharedFFI.h;
				TARGETED_DEVICE_FAMILY = "1,2";
			};
			name = Debug;
		};
		4EAC594D1D8CD0739BC4E31B /* Release */ = {
			isa = XCBuildConfiguration;
			buildSettings = {
				ALWAYS_SEARCH_USER_PATHS = NO;
				CLANG_ANALYZER_NONNULL = YES;
				CLANG_ANALYZER_NUMBER_OBJECT_CONVERSION = YES_AGGRESSIVE;
				CLANG_CXX_LANGUAGE_STANDARD = "gnu++14";
				CLANG_CXX_LIBRARY = "libc++";
				CLANG_ENABLE_MODULES = YES;
				CLANG_ENABLE_OBJC_ARC = YES;
				CLANG_ENABLE_OBJC_WEAK = YES;
				CLANG_WARN_BLOCK_CAPTURE_AUTORELEASING = YES;
				CLANG_WARN_BOOL_CONVERSION = YES;
				CLANG_WARN_COMMA = YES;
				CLANG_WARN_CONSTANT_CONVERSION = YES;
				CLANG_WARN_DEPRECATED_OBJC_IMPLEMENTATIONS = YES;
				CLANG_WARN_DIRECT_OBJC_ISA_USAGE = YES_ERROR;
				CLANG_WARN_DOCUMENTATION_COMMENTS = YES;
				CLANG_WARN_EMPTY_BODY = YES;
				CLANG_WARN_ENUM_CONVERSION = YES;
				CLANG_WARN_INFINITE_RECURSION = YES;
				CLANG_WARN_INT_CONVERSION = YES;
				CLANG_WARN_NON_LITERAL_NULL_CONVERSION = YES;
				CLANG_WARN_OBJC_IMPLICIT_RETAIN_SELF = YES;
				CLANG_WARN_OBJC_LITERAL_CONVERSION = YES;
				CLANG_WARN_OBJC_ROOT_CLASS = YES_ERROR;
				CLANG_WARN_QUOTED_INCLUDE_IN_FRAMEWORK_HEADER = YES;
				CLANG_WARN_RANGE_LOOP_ANALYSIS = YES;
				CLANG_WARN_STRICT_PROTOTYPES = YES;
				CLANG_WARN_SUSPICIOUS_MOVE = YES;
				CLANG_WARN_UNGUARDED_AVAILABILITY = YES_AGGRESSIVE;
				CLANG_WARN_UNREACHABLE_CODE = YES;
				CLANG_WARN__DUPLICATE_METHOD_MATCH = YES;
				COPY_PHASE_STRIP = NO;
				DEBUG_INFORMATION_FORMAT = "dwarf-with-dsym";
				ENABLE_NS_ASSERTIONS = NO;
				ENABLE_STRICT_OBJC_MSGSEND = YES;
				GCC_C_LANGUAGE_STANDARD = gnu11;
				GCC_NO_COMMON_BLOCKS = YES;
				GCC_WARN_64_TO_32_BIT_CONVERSION = YES;
				GCC_WARN_ABOUT_RETURN_TYPE = YES_ERROR;
				GCC_WARN_UNDECLARED_SELECTOR = YES;
				GCC_WARN_UNINITIALIZED_AUTOS = YES_AGGRESSIVE;
				GCC_WARN_UNUSED_FUNCTION = YES;
				GCC_WARN_UNUSED_VARIABLE = YES;
				MTL_ENABLE_DEBUG_INFO = NO;
				MTL_FAST_MATH = YES;
				PRODUCT_NAME = "$(TARGET_NAME)";
				SDKROOT = iphoneos;
				SWIFT_COMPILATION_MODE = wholemodule;
				SWIFT_OPTIMIZATION_LEVEL = "-O";
				SWIFT_VERSION = 5.0;
			};
			name = Release;
		};
		6B1DE15128DD22A3B553DBB0 /* Release */ = {
			isa = XCBuildConfiguration;
			buildSettings = {
				ASSETCATALOG_COMPILER_APPICON_NAME = AppIcon;
				CODE_SIGN_IDENTITY = "iPhone Developer";
				ENABLE_USER_SCRIPT_SANDBOXING = NO;
				INFOPLIST_FILE = Thiccc/Info.plist;
				IPHONEOS_DEPLOYMENT_TARGET = 15.0;
				LD_RUNPATH_SEARCH_PATHS = (
					"$(inherited)",
					"@executable_path/Frameworks",
				);
				OTHER_LDFLAGS = (
					"-w",
					"-ObjC",
				);
				PRODUCT_BUNDLE_IDENTIFIER = com.cuzzos.Thiccc.Thiccc;
				SDKROOT = iphoneos;
				SWIFT_OBJC_BRIDGING_HEADER = generated/sharedFFI.h;
				TARGETED_DEVICE_FAMILY = "1,2";
			};
			name = Release;
		};
/* End XCBuildConfiguration section */

/* Begin XCConfigurationList section */
		08D46A0F2592AA18DDEBF0D7 /* Build configuration list for PBXProject "Thiccc" */ = {
			isa = XCConfigurationList;
			buildConfigurations = (
				0E1AE21C9D32F2E9AF2B8C29 /* Debug */,
				4EAC594D1D8CD0739BC4E31B /* Release */,
			);
			defaultConfigurationIsVisible = 0;
			defaultConfigurationName = Debug;
		};
		51B899A22F69DBB6CC3313B9 /* Build configuration list for PBXNativeTarget "Thiccc" */ = {
			isa = XCConfigurationList;
			buildConfigurations = (
				3CF85969AC42D00B438FB3A0 /* Debug */,
				6B1DE15128DD22A3B553DBB0 /* Release */,
			);
			defaultConfigurationIsVisible = 0;
			defaultConfigurationName = Debug;
		};
/* End XCConfigurationList section */

/* Begin XCLocalSwiftPackageReference section */
		2ECE1ED6A5860A61C6E04FB2 /* XCLocalSwiftPackageReference "../shared_types/generated/swift/SharedTypes" */ = {
			isa = XCLocalSwiftPackageReference;
			relativePath = ../shared_types/generated/swift/SharedTypes;
		};
/* End XCLocalSwiftPackageReference section */

/* Begin XCSwiftPackageProductDependency section */
		00D8AC0EBAB047A3C0267091 /* SharedTypes */ = {
			isa = XCSwiftPackageProductDependency;
			productName = SharedTypes;
		};
/* End XCSwiftPackageProductDependency section */
	};
	rootObject = 5C980674FFF8D4B66C3FD49B /* Project object */;
}
