// !$*UTF8*$!
{
	archiveVersion = 1;
	classes = {
	};
	objectVersion = 77;
	objects = {

/* Begin PBXBuildFile section */
		0D911DFEA1C2A70260D9A916 /* WorkoutView.swift in Sources */ = {isa = PBXBuildFile; fileRef = 3328FC0E7F6055963B2FFF24 /* WorkoutView.swift */; };
		260CC865727115F9CBBE8E90 /* StorageCapability.swift in Sources */ = {isa = PBXBuildFile; fileRef = 00DE93C7DE77AC651BA0F6CA /* StorageCapability.swift */; };
		277A347B68159C48A1CD35E8 /* AddExerciseView.swift in Sources */ = {isa = PBXBuildFile; fileRef = 8DCE4A287B666EE0533A4B59 /* AddExerciseView.swift */; };
		3651BF6AD3FE556DCB83F25C /* TimerCapability.swift in Sources */ = {isa = PBXBuildFile; fileRef = 88D1B9BA738DABC487406A7E /* TimerCapability.swift */; };
		485A9A483A101DEB09CD8630 /* SharedTypes in Frameworks */ = {isa = PBXBuildFile; productRef = 00D8AC0EBAB047A3C0267091 /* SharedTypes */; };
		5B668D20D2C4FC90702027A8 /* libshared_static.a.a in Frameworks */ = {isa = PBXBuildFile; fileRef = 7F4FB8D8B2304AF3B5B09258 /* libshared_static.a.a */; };
		6A45C4EFA9BF0A53ED45DA17 /* DebugCapabilitiesView.swift in Sources */ = {isa = PBXBuildFile; fileRef = CC7747CCA51DDAB11D627F24 /* DebugCapabilitiesView.swift */; };
		7E345A65230C9416CBD260FF /* DatabaseCapability.swift in Sources */ = {isa = PBXBuildFile; fileRef = CDCE5DAA42536AC375A7A174 /* DatabaseCapability.swift */; };
		AAB2862AE7BAAA5B2D552FC0 /* SetRow.swift in Sources */ = {isa = PBXBuildFile; fileRef = 1A37FC5300765B47996C890C /* SetRow.swift */; };
		AECF1F5FF64F81CA6FA675C7 /* ThicccApp.swift in Sources */ = {isa = PBXBuildFile; fileRef = C5D5411DE44DCCDC66E60AA5 /* ThicccApp.swift */; };
		C0C3B14208C42101CBB15EF1 /* WorkoutDetailView.swift in Sources */ = {isa = PBXBuildFile; fileRef = 2CFF5F0325BFAA514DE12F46 /* WorkoutDetailView.swift */; };
		C6124BA4180E328C9D37C43C /* HistoryDetailView.swift in Sources */ = {isa = PBXBuildFile; fileRef = CC4BC7B543EF3FE9A8CC2956 /* HistoryDetailView.swift */; };
		C961659C412DE84F8DE84DC9 /* ImportWorkoutView.swift in Sources */ = {isa = PBXBuildFile; fileRef = 5AB1B52B2F6B62DBA3F08B54 /* ImportWorkoutView.swift */; };
		CB56FDE4C70BEA11A48E9A25 /* ExerciseSection.swift in Sources */ = {isa = PBXBuildFile; fileRef = 0EE7C5C2DAB1B646CE3D9628 /* ExerciseSection.swift */; };
		EA4BAEC12B10689A998AE057 /* core.swift in Sources */ = {isa = PBXBuildFile; fileRef = 64D60112E666258B75C7190D /* core.swift */; };
		F183B78E9A7C8832F1E912B6 /* ContentView.swift in Sources */ = {isa = PBXBuildFile; fileRef = 5D38BC9E58C6A5AA0AC71FF5 /* ContentView.swift */; };
		F1F36C507E0977FF5BD85432 /* shared.udl in Sources */ = {isa = PBXBuildFile; fileRef = 87AF1C1465A7D07538014067 /* shared.udl */; };
/* End PBXBuildFile section */

/* Begin PBXBuildRule section */
		ABAEC74AEEB521B111350887 /* PBXBuildRule */ = {
			isa = PBXBuildRule;
			compilerSpec = com.apple.compilers.proxy.script;
			filePatterns = "*.udl";
			fileType = pattern.proxy;
			isEditable = 1;
			name = "Generate FFI";
			outputFiles = (
				"$(PROJECT_DIR)/generated/$(INPUT_FILE_BASE).swift",
				"$(PROJECT_DIR)/generated/$(INPUT_FILE_BASE)FFI.h",
			);
			outputFilesCompilerFlags = (
			);
			runOncePerArchitecture = 0;
			script = "#!/bin/bash\nset -e\n\n# Skip during indexing phase in XCode 13+\nif [ \"$ACTION\" == \"indexbuild\" ]; then\n  echo \"Not building *.udl files during indexing.\"\n  exit 0\nfi\n\n# Skip for preview builds\nif [ \"$ENABLE_PREVIEWS\" = \"YES\" ]; then\n  echo \"Not building *.udl files during preview builds.\"\n  exit 0\nfi\n\ncd \"${INPUT_FILE_DIR}/..\"\n# uniffi-bindgen is built for macOS in the shared project's build directory\nUNIFFI_BINDGEN=\"${PROJECT_DIR}/../shared/build/Debug/uniffi-bindgen\"\nif [ ! -f \"$UNIFFI_BINDGEN\" ]; then\n  echo \"Error: uniffi-bindgen not found at $UNIFFI_BINDGEN\"\n  echo \"Expected location: ${PROJECT_DIR}/../shared/build/Debug/uniffi-bindgen\"\n  echo \"The prebuild script should have built it.\"\n  exit 1\nfi\n\"$UNIFFI_BINDGEN\" generate \"src/${INPUT_FILE_NAME}\" --language swift --out-dir \"${PROJECT_DIR}/generated\"\n";
		};
/* End PBXBuildRule section */

/* Begin PBXContainerItemProxy section */
		A4B94D45F9270E7F15F3DD4A /* PBXContainerItemProxy */ = {
			isa = PBXContainerItemProxy;
			containerPortal = 5368BB02CF8DFE211F0B385F /* Shared */;
			proxyType = 1;
			remoteGlobalIDString = CA0049BF7D4FD346A0A05154;
			remoteInfo = "shared-staticlib";
		};
		CEAF254205981FE9EEA9599C /* PBXContainerItemProxy */ = {
			isa = PBXContainerItemProxy;
			containerPortal = 5368BB02CF8DFE211F0B385F /* Shared */;
			proxyType = 2;
			remoteGlobalIDString = CA0049BF7D4FFB09138082B7;
			remoteInfo = "shared-staticlib";
		};
/* End PBXContainerItemProxy section */

/* Begin PBXFileReference section */
		00DE93C7DE77AC651BA0F6CA /* StorageCapability.swift */ = {isa = PBXFileReference; lastKnownFileType = sourcecode.swift; path = StorageCapability.swift; sourceTree = "<group>"; };
		06F03F79ADB5F75373E80434 /* Info.plist */ = {isa = PBXFileReference; lastKnownFileType = text.plist; path = Info.plist; sourceTree = "<group>"; };
		0EE7C5C2DAB1B646CE3D9628 /* ExerciseSection.swift */ = {isa = PBXFileReference; lastKnownFileType = sourcecode.swift; path = ExerciseSection.swift; sourceTree = "<group>"; };
		1A37FC5300765B47996C890C /* SetRow.swift */ = {isa = PBXFileReference; lastKnownFileType = sourcecode.swift; path = SetRow.swift; sourceTree = "<group>"; };
		2CFF5F0325BFAA514DE12F46 /* WorkoutDetailView.swift */ = {isa = PBXFileReference; lastKnownFileType = sourcecode.swift; path = WorkoutDetailView.swift; sourceTree = "<group>"; };
		32EC6679CDA35CB17C8176C1 /* SharedTypes */ = {isa = PBXFileReference; lastKnownFileType = folder; name = SharedTypes; path = ../shared_types/generated/swift/SharedTypes; sourceTree = SOURCE_ROOT; };
		3328FC0E7F6055963B2FFF24 /* WorkoutView.swift */ = {isa = PBXFileReference; lastKnownFileType = sourcecode.swift; path = WorkoutView.swift; sourceTree = "<group>"; };
		5368BB02CF8DFE211F0B385F /* Shared */ = {isa = PBXFileReference; lastKnownFileType = "wrapper.pb-project"; name = Shared; path = ../shared/shared.xcodeproj; sourceTree = "<group>"; };
		5AB1B52B2F6B62DBA3F08B54 /* ImportWorkoutView.swift */ = {isa = PBXFileReference; lastKnownFileType = sourcecode.swift; path = ImportWorkoutView.swift; sourceTree = "<group>"; };
		5D38BC9E58C6A5AA0AC71FF5 /* ContentView.swift */ = {isa = PBXFileReference; lastKnownFileType = sourcecode.swift; path = ContentView.swift; sourceTree = "<group>"; };
		64D60112E666258B75C7190D /* core.swift */ = {isa = PBXFileReference; lastKnownFileType = sourcecode.swift; path = core.swift; sourceTree = "<group>"; };
		87AF1C1465A7D07538014067 /* shared.udl */ = {isa = PBXFileReference; path = shared.udl; sourceTree = "<group>"; };
		88D1B9BA738DABC487406A7E /* TimerCapability.swift */ = {isa = PBXFileReference; lastKnownFileType = sourcecode.swift; path = TimerCapability.swift; sourceTree = "<group>"; };
		8DCE4A287B666EE0533A4B59 /* AddExerciseView.swift */ = {isa = PBXFileReference; lastKnownFileType = sourcecode.swift; path = AddExerciseView.swift; sourceTree = "<group>"; };
		B6265A5D3C5C51F1E73E6D2F /* Thiccc.app */ = {isa = PBXFileReference; includeInIndex = 0; lastKnownFileType = wrapper.application; path = Thiccc.app; sourceTree = BUILT_PRODUCTS_DIR; };
		C5D5411DE44DCCDC66E60AA5 /* ThicccApp.swift */ = {isa = PBXFileReference; lastKnownFileType = sourcecode.swift; path = ThicccApp.swift; sourceTree = "<group>"; };
		CC4BC7B543EF3FE9A8CC2956 /* HistoryDetailView.swift */ = {isa = PBXFileReference; lastKnownFileType = sourcecode.swift; path = HistoryDetailView.swift; sourceTree = "<group>"; };
		CC7747CCA51DDAB11D627F24 /* DebugCapabilitiesView.swift */ = {isa = PBXFileReference; lastKnownFileType = sourcecode.swift; path = DebugCapabilitiesView.swift; sourceTree = "<group>"; };
		CDCE5DAA42536AC375A7A174 /* DatabaseCapability.swift */ = {isa = PBXFileReference; lastKnownFileType = sourcecode.swift; path = DatabaseCapability.swift; sourceTree = "<group>"; };
/* End PBXFileReference section */

/* Begin PBXFrameworksBuildPhase section */
		426CBB237A87D5FDDB754644 /* Frameworks */ = {
			isa = PBXFrameworksBuildPhase;
			buildActionMask = 2147483647;
			files = (
				5B668D20D2C4FC90702027A8 /* libshared_static.a.a in Frameworks */,
				485A9A483A101DEB09CD8630 /* SharedTypes in Frameworks */,
			);
			runOnlyForDeploymentPostprocessing = 0;
		};
/* End PBXFrameworksBuildPhase section */

/* Begin PBXGroup section */
		1500C0C6A448839E4EB1D68C /* Projects */ = {
			isa = PBXGroup;
			children = (
				5368BB02CF8DFE211F0B385F /* Shared */,
			);
			name = Projects;
			sourceTree = "<group>";
		};
		1B213BFAB08401F64DA0A1FE /* Capabilities */ = {
			isa = PBXGroup;
			children = (
				CDCE5DAA42536AC375A7A174 /* DatabaseCapability.swift */,
				00DE93C7DE77AC651BA0F6CA /* StorageCapability.swift */,
				88D1B9BA738DABC487406A7E /* TimerCapability.swift */,
			);
			path = Capabilities;
			sourceTree = "<group>";
		};
		24C8F21D750CFE7EDEF50502 = {
			isa = PBXGroup;
			children = (
				C7FB057D3E3437BCFFBBEE9E /* Packages */,
				C8F634902C8DF9AC1E14147F /* src */,
				C4A71768946B7D61A9398F22 /* Thiccc */,
				3C3025A99C0E98AD12A18924 /* Products */,
				1500C0C6A448839E4EB1D68C /* Projects */,
			);
			sourceTree = "<group>";
		};
		3C3025A99C0E98AD12A18924 /* Products */ = {
			isa = PBXGroup;
			children = (
				B6265A5D3C5C51F1E73E6D2F /* Thiccc.app */,
			);
			name = Products;
			sourceTree = "<group>";
		};
		C4A71768946B7D61A9398F22 /* Thiccc */ = {
			isa = PBXGroup;
			children = (
				8DCE4A287B666EE0533A4B59 /* AddExerciseView.swift */,
				5D38BC9E58C6A5AA0AC71FF5 /* ContentView.swift */,
				64D60112E666258B75C7190D /* core.swift */,
				CC7747CCA51DDAB11D627F24 /* DebugCapabilitiesView.swift */,
				0EE7C5C2DAB1B646CE3D9628 /* ExerciseSection.swift */,
				CC4BC7B543EF3FE9A8CC2956 /* HistoryDetailView.swift */,
				5AB1B52B2F6B62DBA3F08B54 /* ImportWorkoutView.swift */,
				06F03F79ADB5F75373E80434 /* Info.plist */,
				1A37FC5300765B47996C890C /* SetRow.swift */,
				C5D5411DE44DCCDC66E60AA5 /* ThicccApp.swift */,
				2CFF5F0325BFAA514DE12F46 /* WorkoutDetailView.swift */,
				3328FC0E7F6055963B2FFF24 /* WorkoutView.swift */,
				1B213BFAB08401F64DA0A1FE /* Capabilities */,
			);
			path = Thiccc;
			sourceTree = "<group>";
		};
		C7FB057D3E3437BCFFBBEE9E /* Packages */ = {
			isa = PBXGroup;
			children = (
				32EC6679CDA35CB17C8176C1 /* SharedTypes */,
			);
			name = Packages;
			sourceTree = "<group>";
		};
		C8F634902C8DF9AC1E14147F /* src */ = {
			isa = PBXGroup;
			children = (
				87AF1C1465A7D07538014067 /* shared.udl */,
			);
			name = src;
			path = ../shared/src;
			sourceTree = "<group>";
		};
		F248F5D7F86B00B3E75EFF4F /* Products */ = {
			isa = PBXGroup;
			children = (
				7F4FB8D8B2304AF3B5B09258 /* libshared_static.a.a */,
			);
			name = Products;
			sourceTree = "<group>";
		};
/* End PBXGroup section */

/* Begin PBXNativeTarget section */
		94E6D56D2CD64461E023F083 /* Thiccc */ = {
			isa = PBXNativeTarget;
			buildConfigurationList = 51B899A22F69DBB6CC3313B9 /* Build configuration list for PBXNativeTarget "Thiccc" */;
			buildPhases = (
				F636E9E43CFC6C4492E6DE37 /* Build uniffi-bindgen for macOS */,
				3DD14D0A3C03A52DBAA1253F /* Sources */,
				426CBB237A87D5FDDB754644 /* Frameworks */,
			);
			buildRules = (
				ABAEC74AEEB521B111350887 /* PBXBuildRule */,
			);
			dependencies = (
				2EE7EACB707E340937D16F96 /* PBXTargetDependency */,
			);
			name = Thiccc;
			packageProductDependencies = (
				00D8AC0EBAB047A3C0267091 /* SharedTypes */,
			);
			productName = Thiccc;
			productReference = B6265A5D3C5C51F1E73E6D2F /* Thiccc.app */;
			productType = "com.apple.product-type.application";
		};
/* End PBXNativeTarget section */

/* Begin PBXProject section */
		5C980674FFF8D4B66C3FD49B /* Project object */ = {
			isa = PBXProject;
			attributes = {
				BuildIndependentTargetsInParallel = YES;
				LastUpgradeCheck = 1430;
			};
			buildConfigurationList = 08D46A0F2592AA18DDEBF0D7 /* Build configuration list for PBXProject "Thiccc" */;
			compatibilityVersion = "Xcode 14.0";
			developmentRegion = en;
			hasScannedForEncodings = 0;
			knownRegions = (
				Base,
				en,
			);
			mainGroup = 24C8F21D750CFE7EDEF50502;
			minimizedProjectReferenceProxies = 1;
			packageReferences = (
				2ECE1ED6A5860A61C6E04FB2 /* XCLocalSwiftPackageReference "../shared_types/generated/swift/SharedTypes" */,
			);
			preferredProjectObjectVersion = 77;
			projectDirPath = "";
			projectReferences = (
				{
					ProductGroup = F248F5D7F86B00B3E75EFF4F /* Products */;
					ProjectRef = 5368BB02CF8DFE211F0B385F /* Shared */;
				},
			);
			projectRoot = "";
			targets = (
				94E6D56D2CD64461E023F083 /* Thiccc */,
			);
		};
/* End PBXProject section */

/* Begin PBXReferenceProxy section */
		7F4FB8D8B2304AF3B5B09258 /* libshared_static.a.a */ = {
			isa = PBXReferenceProxy;
			fileType = archive.ar;
			path = libshared_static.a.a;
			remoteRef = CEAF254205981FE9EEA9599C /* PBXContainerItemProxy */;
			sourceTree = BUILT_PRODUCTS_DIR;
		};
/* End PBXReferenceProxy section */

/* Begin PBXShellScriptBuildPhase section */
		F636E9E43CFC6C4492E6DE37 /* Build uniffi-bindgen for macOS */ = {
			isa = PBXShellScriptBuildPhase;
			buildActionMask = 2147483647;
			files = (
			);
			inputFileListPaths = (
			);
			inputPaths = (
			);
			name = "Build uniffi-bindgen for macOS";
			outputFileListPaths = (
			);
			outputPaths = (
			);
			runOnlyForDeploymentPostprocessing = 0;
			shellPath = /bin/sh;
			shellScript = "#!/bin/bash\nset -e\n\n# Build uniffi-bindgen as a native macOS tool using cargo\ncd \"${PROJECT_DIR}/..\"\n\n# Ensure cargo is in PATH\nexport PATH=\"$HOME/.cargo/bin:/usr/local/bin:/opt/homebrew/bin:$PATH\"\n\n# Create build output directory\nmkdir -p shared/build/Debug\n\n# Build uniffi-bindgen for the host (macOS) - always use debug for faster builds\n# (this is a build tool, not part of the shipped app)\ncargo build --bin uniffi-bindgen\n\n# Copy to a consistent location in shared/build\ncp target/debug/uniffi-bindgen shared/build/Debug/uniffi-bindgen\n";
		};
/* End PBXShellScriptBuildPhase section */

/* Begin PBXSourcesBuildPhase section */
		3DD14D0A3C03A52DBAA1253F /* Sources */ = {
			isa = PBXSourcesBuildPhase;
			buildActionMask = 2147483647;
			files = (
				277A347B68159C48A1CD35E8 /* AddExerciseView.swift in Sources */,
				F183B78E9A7C8832F1E912B6 /* ContentView.swift in Sources */,
				7E345A65230C9416CBD260FF /* DatabaseCapability.swift in Sources */,
				6A45C4EFA9BF0A53ED45DA17 /* DebugCapabilitiesView.swift in Sources */,
				CB56FDE4C70BEA11A48E9A25 /* ExerciseSection.swift in Sources */,
				C6124BA4180E328C9D37C43C /* HistoryDetailView.swift in Sources */,
				C961659C412DE84F8DE84DC9 /* ImportWorkoutView.swift in Sources */,
				AAB2862AE7BAAA5B2D552FC0 /* SetRow.swift in Sources */,
				260CC865727115F9CBBE8E90 /* StorageCapability.swift in Sources */,
				AECF1F5FF64F81CA6FA675C7 /* ThicccApp.swift in Sources */,
				3651BF6AD3FE556DCB83F25C /* TimerCapability.swift in Sources */,
				C0C3B14208C42101CBB15EF1 /* WorkoutDetailView.swift in Sources */,
				0D911DFEA1C2A70260D9A916 /* WorkoutView.swift in Sources */,
				EA4BAEC12B10689A998AE057 /* core.swift in Sources */,
				F1F36C507E0977FF5BD85432 /* shared.udl in Sources */,
			);
			runOnlyForDeploymentPostprocessing = 0;
		};
/* End PBXSourcesBuildPhase section */

/* Begin PBXTargetDependency section */
		2EE7EACB707E340937D16F96 /* PBXTargetDependency */ = {
			isa = PBXTargetDependency;
			name = "shared-staticlib";
			targetProxy = A4B94D45F9270E7F15F3DD4A /* PBXContainerItemProxy */;
		};
/* End PBXTargetDependency section */

/* Begin XCBuildConfiguration section */
		0E1AE21C9D32F2E9AF2B8C29 /* Debug */ = {
			isa = XCBuildConfiguration;
			buildSettings = {
				ALWAYS_SEARCH_USER_PATHS = NO;
				CLANG_ANALYZER_NONNULL = YES;
				CLANG_ANALYZER_NUMBER_OBJECT_CONVERSION = YES_AGGRESSIVE;
				CLANG_CXX_LANGUAGE_STANDARD = "gnu++14";
				CLANG_CXX_LIBRARY = "libc++";
				CLANG_ENABLE_MODULES = YES;
				CLANG_ENABLE_OBJC_ARC = YES;
				CLANG_ENABLE_OBJC_WEAK = YES;
				CLANG_WARN_BLOCK_CAPTURE_AUTORELEASING = YES;
				CLANG_WARN_BOOL_CONVERSION = YES;
				CLANG_WARN_COMMA = YES;
				CLANG_WARN_CONSTANT_CONVERSION = YES;
				CLANG_WARN_DEPRECATED_OBJC_IMPLEMENTATIONS = YES;
				CLANG_WARN_DIRECT_OBJC_ISA_USAGE = YES_ERROR;
				CLANG_WARN_DOCUMENTATION_COMMENTS = YES;
				CLANG_WARN_EMPTY_BODY = YES;
				CLANG_WARN_ENUM_CONVERSION = YES;
				CLANG_WARN_INFINITE_RECURSION = YES;
				CLANG_WARN_INT_CONVERSION = YES;
				CLANG_WARN_NON_LITERAL_NULL_CONVERSION = YES;
				CLANG_WARN_OBJC_IMPLICIT_RETAIN_SELF = YES;
				CLANG_WARN_OBJC_LITERAL_CONVERSION = YES;
				CLANG_WARN_OBJC_ROOT_CLASS = YES_ERROR;
				CLANG_WARN_QUOTED_INCLUDE_IN_FRAMEWORK_HEADER = YES;
				CLANG_WARN_RANGE_LOOP_ANALYSIS = YES;
				CLANG_WARN_STRICT_PROTOTYPES = YES;
				CLANG_WARN_SUSPICIOUS_MOVE = YES;
				CLANG_WARN_UNGUARDED_AVAILABILITY = YES_AGGRESSIVE;
				CLANG_WARN_UNREACHABLE_CODE = YES;
				CLANG_WARN__DUPLICATE_METHOD_MATCH = YES;
				COPY_PHASE_STRIP = NO;
				DEBUG_INFORMATION_FORMAT = dwarf;
				ENABLE_STRICT_OBJC_MSGSEND = YES;
				ENABLE_TESTABILITY = YES;
				GCC_C_LANGUAGE_STANDARD = gnu11;
				GCC_DYNAMIC_NO_PIC = NO;
				GCC_NO_COMMON_BLOCKS = YES;
				GCC_OPTIMIZATION_LEVEL = 0;
				GCC_PREPROCESSOR_DEFINITIONS = (
					"$(inherited)",
					"DEBUG=1",
				);
				GCC_WARN_64_TO_32_BIT_CONVERSION = YES;
				GCC_WARN_ABOUT_RETURN_TYPE = YES_ERROR;
				GCC_WARN_UNDECLARED_SELECTOR = YES;
				GCC_WARN_UNINITIALIZED_AUTOS = YES_AGGRESSIVE;
				GCC_WARN_UNUSED_FUNCTION = YES;
				GCC_WARN_UNUSED_VARIABLE = YES;
				MTL_ENABLE_DEBUG_INFO = INCLUDE_SOURCE;
				MTL_FAST_MATH = YES;
				ONLY_ACTIVE_ARCH = YES;
				PRODUCT_NAME = "$(TARGET_NAME)";
				SDKROOT = iphoneos;
				SWIFT_ACTIVE_COMPILATION_CONDITIONS = DEBUG;
				SWIFT_OPTIMIZATION_LEVEL = "-Onone";
				SWIFT_VERSION = 5.0;
			};
			name = Debug;
		};
		3CF85969AC42D00B438FB3A0 /* Debug */ = {
			isa = XCBuildConfiguration;
			buildSettings = {
				ASSETCATALOG_COMPILER_APPICON_NAME = AppIcon;
				CODE_SIGN_IDENTITY = "iPhone Developer";
				ENABLE_USER_SCRIPT_SANDBOXING = NO;
				INFOPLIST_FILE = Thiccc/Info.plist;
				IPHONEOS_DEPLOYMENT_TARGET = 18.0;
				LD_RUNPATH_SEARCH_PATHS = (
					"$(inherited)",
					"@executable_path/Frameworks",
				);
				OTHER_LDFLAGS = (
					"-w",
					"-ObjC",
				);
				PRODUCT_BUNDLE_IDENTIFIER = com.cuzzos.Thiccc.Thiccc;
				SDKROOT = iphoneos;
				SWIFT_OBJC_BRIDGING_HEADER = generated/sharedFFI.h;
				TARGETED_DEVICE_FAMILY = "1,2";
			};
			name = Debug;
		};
		4EAC594D1D8CD0739BC4E31B /* Release */ = {
			isa = XCBuildConfiguration;
			buildSettings = {
				ALWAYS_SEARCH_USER_PATHS = NO;
				CLANG_ANALYZER_NONNULL = YES;
				CLANG_ANALYZER_NUMBER_OBJECT_CONVERSION = YES_AGGRESSIVE;
				CLANG_CXX_LANGUAGE_STANDARD = "gnu++14";
				CLANG_CXX_LIBRARY = "libc++";
				CLANG_ENABLE_MODULES = YES;
				CLANG_ENABLE_OBJC_ARC = YES;
				CLANG_ENABLE_OBJC_WEAK = YES;
				CLANG_WARN_BLOCK_CAPTURE_AUTORELEASING = YES;
				CLANG_WARN_BOOL_CONVERSION = YES;
				CLANG_WARN_COMMA = YES;
				CLANG_WARN_CONSTANT_CONVERSION = YES;
				CLANG_WARN_DEPRECATED_OBJC_IMPLEMENTATIONS = YES;
				CLANG_WARN_DIRECT_OBJC_ISA_USAGE = YES_ERROR;
				CLANG_WARN_DOCUMENTATION_COMMENTS = YES;
				CLANG_WARN_EMPTY_BODY = YES;
				CLANG_WARN_ENUM_CONVERSION = YES;
				CLANG_WARN_INFINITE_RECURSION = YES;
				CLANG_WARN_INT_CONVERSION = YES;
				CLANG_WARN_NON_LITERAL_NULL_CONVERSION = YES;
				CLANG_WARN_OBJC_IMPLICIT_RETAIN_SELF = YES;
				CLANG_WARN_OBJC_LITERAL_CONVERSION = YES;
				CLANG_WARN_OBJC_ROOT_CLASS = YES_ERROR;
				CLANG_WARN_QUOTED_INCLUDE_IN_FRAMEWORK_HEADER = YES;
				CLANG_WARN_RANGE_LOOP_ANALYSIS = YES;
				CLANG_WARN_STRICT_PROTOTYPES = YES;
				CLANG_WARN_SUSPICIOUS_MOVE = YES;
				CLANG_WARN_UNGUARDED_AVAILABILITY = YES_AGGRESSIVE;
				CLANG_WARN_UNREACHABLE_CODE = YES;
				CLANG_WARN__DUPLICATE_METHOD_MATCH = YES;
				COPY_PHASE_STRIP = NO;
				DEBUG_INFORMATION_FORMAT = "dwarf-with-dsym";
				ENABLE_NS_ASSERTIONS = NO;
				ENABLE_STRICT_OBJC_MSGSEND = YES;
				GCC_C_LANGUAGE_STANDARD = gnu11;
				GCC_NO_COMMON_BLOCKS = YES;
				GCC_WARN_64_TO_32_BIT_CONVERSION = YES;
				GCC_WARN_ABOUT_RETURN_TYPE = YES_ERROR;
				GCC_WARN_UNDECLARED_SELECTOR = YES;
				GCC_WARN_UNINITIALIZED_AUTOS = YES_AGGRESSIVE;
				GCC_WARN_UNUSED_FUNCTION = YES;
				GCC_WARN_UNUSED_VARIABLE = YES;
				MTL_ENABLE_DEBUG_INFO = NO;
				MTL_FAST_MATH = YES;
				PRODUCT_NAME = "$(TARGET_NAME)";
				SDKROOT = iphoneos;
				SWIFT_COMPILATION_MODE = wholemodule;
				SWIFT_OPTIMIZATION_LEVEL = "-O";
				SWIFT_VERSION = 5.0;
			};
			name = Release;
		};
		6B1DE15128DD22A3B553DBB0 /* Release */ = {
			isa = XCBuildConfiguration;
			buildSettings = {
				ASSETCATALOG_COMPILER_APPICON_NAME = AppIcon;
				CODE_SIGN_IDENTITY = "iPhone Developer";
				ENABLE_USER_SCRIPT_SANDBOXING = NO;
				INFOPLIST_FILE = Thiccc/Info.plist;
				IPHONEOS_DEPLOYMENT_TARGET = 18.0;
				LD_RUNPATH_SEARCH_PATHS = (
					"$(inherited)",
					"@executable_path/Frameworks",
				);
				OTHER_LDFLAGS = (
					"-w",
					"-ObjC",
				);
				PRODUCT_BUNDLE_IDENTIFIER = com.cuzzos.Thiccc.Thiccc;
				SDKROOT = iphoneos;
				SWIFT_OBJC_BRIDGING_HEADER = generated/sharedFFI.h;
				TARGETED_DEVICE_FAMILY = "1,2";
			};
			name = Release;
		};
/* End XCBuildConfiguration section */

/* Begin XCConfigurationList section */
		08D46A0F2592AA18DDEBF0D7 /* Build configuration list for PBXProject "Thiccc" */ = {
			isa = XCConfigurationList;
			buildConfigurations = (
				0E1AE21C9D32F2E9AF2B8C29 /* Debug */,
				4EAC594D1D8CD0739BC4E31B /* Release */,
			);
			defaultConfigurationIsVisible = 0;
			defaultConfigurationName = Debug;
		};
		51B899A22F69DBB6CC3313B9 /* Build configuration list for PBXNativeTarget "Thiccc" */ = {
			isa = XCConfigurationList;
			buildConfigurations = (
				3CF85969AC42D00B438FB3A0 /* Debug */,
				6B1DE15128DD22A3B553DBB0 /* Release */,
			);
			defaultConfigurationIsVisible = 0;
			defaultConfigurationName = Debug;
		};
/* End XCConfigurationList section */

/* Begin XCLocalSwiftPackageReference section */
		2ECE1ED6A5860A61C6E04FB2 /* XCLocalSwiftPackageReference "../shared_types/generated/swift/SharedTypes" */ = {
			isa = XCLocalSwiftPackageReference;
			relativePath = ../shared_types/generated/swift/SharedTypes;
		};
/* End XCLocalSwiftPackageReference section */

/* Begin XCSwiftPackageProductDependency section */
		00D8AC0EBAB047A3C0267091 /* SharedTypes */ = {
			isa = XCSwiftPackageProductDependency;
			productName = SharedTypes;
		};
/* End XCSwiftPackageProductDependency section */
	};
	rootObject = 5C980674FFF8D4B66C3FD49B /* Project object */;
}
